Microsoft Visual Studio Solution File, Format Version 12.00
# Visual Studio Version 17
VisualStudioVersion = 17.5.2.0
MinimumVisualStudioVersion = 10.0.40219.1
Project("{FAE04EC0-301F-11D3-BF4B-00C04F79EFBC}") = "a2a-demo", "a2a-demo.csproj", "{8607232B-04C6-9F9A-A652-D8CA14FF799D}"
EndProject
Global
	GlobalSection(SolutionConfigurationPlatforms) = preSolution
		Debug|Any CPU = Debug|Any CPU
		Release|Any CPU = Release|Any CPU
	EndGlobalSection
	GlobalSection(ProjectConfigurationPlatforms) = postSolution
		{8607232B-04C6-9F9A-A652-D8CA14FF799D}.Debug|Any CPU.ActiveCfg = Debug|Any CPU
		{8607232B-04C6-9F9A-A652-D8CA14FF799D}.Debug|Any CPU.Build.0 = Debug|Any CPU
		{8607232B-04C6-9F9A-A652-D8CA14FF799D}.Release|Any CPU.ActiveCfg = Release|Any CPU
		{8607232B-04C6-9F9A-A652-D8CA14FF799D}.Release|Any CPU.Build.0 = Release|Any CPU
	EndGlobalSection
	GlobalSection(SolutionProperties) = preSolution
		HideSolutionNode = FALSE
	EndGlobalSection
	GlobalSection(ExtensibilityGlobals) = postSolution
		SolutionGuid = {BFFBB487-1D6B-47E2-AD27-A5F08CF2F943}
	EndGlobalSection
EndGlobal
